
Microsoft Visual Studio Solution File, Format Version 12.00
# Visual Studio Version 17
VisualStudioVersion = 17.11.35327.3
MinimumVisualStudioVersion = 10.0.40219.1
Project("{FAE04EC0-301F-11D3-BF4B-00C04F79EFBC}") = "Padaria", "Padaria\Padaria.csproj", "{562607E4-4A1D-40C9-ADFB-CB9EE1429062}"
EndProject
Global
	GlobalSection(SolutionConfigurationPlatforms) = preSolution
		Debug|Any CPU = Debug|Any CPU
		Release|Any CPU = Release|Any CPU
	EndGlobalSection
	GlobalSection(ProjectConfigurationPlatforms) = postSolution
		{562607E4-4A1D-40C9-ADFB-CB9EE1429062}.Debug|Any CPU.ActiveCfg = Debug|Any CPU
		{562607E4-4A1D-40C9-ADFB-CB9EE1429062}.Debug|Any CPU.Build.0 = Debug|Any CPU
		{562607E4-4A1D-40C9-ADFB-CB9EE1429062}.Release|Any CPU.ActiveCfg = Release|Any CPU
		{562607E4-4A1D-40C9-ADFB-CB9EE1429062}.Release|Any CPU.Build.0 = Release|Any CPU
	EndGlobalSection
	GlobalSection(SolutionProperties) = preSolution
		HideSolutionNode = FALSE
	EndGlobalSection
	GlobalSection(ExtensibilityGlobals) = postSolution
		SolutionGuid = {85430ED9-BD79-4A28-A1EE-41F39DC19232}
	EndGlobalSection
EndGlobal
